// !$*UTF8*$!
{
	archiveVersion = 1;
	classes = {
	};
	objectVersion = 50;
	objects = {

/* Begin PBXBuildFile section */
		F0CD034E25D8671900BFE567 /* AppDelegate.swift in Sources */ = {isa = PBXBuildFile; fileRef = F0CD034D25D8671900BFE567 /* AppDelegate.swift */; };
		F0CD035025D8671900BFE567 /* SceneDelegate.swift in Sources */ = {isa = PBXBuildFile; fileRef = F0CD034F25D8671900BFE567 /* SceneDelegate.swift */; };
		F0CD035225D8671900BFE567 /* ViewController.swift in Sources */ = {isa = PBXBuildFile; fileRef = F0CD035125D8671900BFE567 /* ViewController.swift */; };
		F0CD035525D8671900BFE567 /* Main.storyboard in Resources */ = {isa = PBXBuildFile; fileRef = F0CD035325D8671900BFE567 /* Main.storyboard */; };
		F0CD035725D8671B00BFE567 /* Assets.xcassets in Resources */ = {isa = PBXBuildFile; fileRef = F0CD035625D8671B00BFE567 /* Assets.xcassets */; };
		F0CD035A25D8671B00BFE567 /* LaunchScreen.storyboard in Resources */ = {isa = PBXBuildFile; fileRef = F0CD035825D8671B00BFE567 /* LaunchScreen.storyboard */; };
		F0CD036525D8671B00BFE567 /* TransitFeedsTests.swift in Sources */ = {isa = PBXBuildFile; fileRef = F0CD036425D8671B00BFE567 /* TransitFeedsTests.swift */; };
		F0CD037025D8671B00BFE567 /* TransitFeedsUITests.swift in Sources */ = {isa = PBXBuildFile; fileRef = F0CD036F25D8671B00BFE567 /* TransitFeedsUITests.swift */; };
/* End PBXBuildFile section */

/* Begin PBXContainerItemProxy section */
		F0CD036125D8671B00BFE567 /* PBXContainerItemProxy */ = {
			isa = PBXContainerItemProxy;
			containerPortal = F0CD034225D8671900BFE567 /* Project object */;
			proxyType = 1;
			remoteGlobalIDString = F0CD034925D8671900BFE567;
			remoteInfo = TransitFeeds;
		};
		F0CD036C25D8671B00BFE567 /* PBXContainerItemProxy */ = {
			isa = PBXContainerItemProxy;
			containerPortal = F0CD034225D8671900BFE567 /* Project object */;
			proxyType = 1;
			remoteGlobalIDString = F0CD034925D8671900BFE567;
			remoteInfo = TransitFeeds;
		};
/* End PBXContainerItemProxy section */

/* Begin PBXFileReference section */
		F0CD034A25D8671900BFE567 /* TransitFeeds.app */ = {isa = PBXFileReference; explicitFileType = wrapper.application; includeInIndex = 0; path = TransitFeeds.app; sourceTree = BUILT_PRODUCTS_DIR; };
		F0CD034D25D8671900BFE567 /* AppDelegate.swift */ = {isa = PBXFileReference; lastKnownFileType = sourcecode.swift; path = AppDelegate.swift; sourceTree = "<group>"; };
		F0CD034F25D8671900BFE567 /* SceneDelegate.swift */ = {isa = PBXFileReference; lastKnownFileType = sourcecode.swift; path = SceneDelegate.swift; sourceTree = "<group>"; };
		F0CD035125D8671900BFE567 /* ViewController.swift */ = {isa = PBXFileReference; lastKnownFileType = sourcecode.swift; path = ViewController.swift; sourceTree = "<group>"; };
		F0CD035425D8671900BFE567 /* Base */ = {isa = PBXFileReference; lastKnownFileType = file.storyboard; name = Base; path = Base.lproj/Main.storyboard; sourceTree = "<group>"; };
		F0CD035625D8671B00BFE567 /* Assets.xcassets */ = {isa = PBXFileReference; lastKnownFileType = folder.assetcatalog; path = Assets.xcassets; sourceTree = "<group>"; };
		F0CD035925D8671B00BFE567 /* Base */ = {isa = PBXFileReference; lastKnownFileType = file.storyboard; name = Base; path = Base.lproj/LaunchScreen.storyboard; sourceTree = "<group>"; };
		F0CD035B25D8671B00BFE567 /* Info.plist */ = {isa = PBXFileReference; lastKnownFileType = text.plist.xml; path = Info.plist; sourceTree = "<group>"; };
		F0CD036025D8671B00BFE567 /* TransitFeedsTests.xctest */ = {isa = PBXFileReference; explicitFileType = wrapper.cfbundle; includeInIndex = 0; path = TransitFeedsTests.xctest; sourceTree = BUILT_PRODUCTS_DIR; };
		F0CD036425D8671B00BFE567 /* TransitFeedsTests.swift */ = {isa = PBXFileReference; lastKnownFileType = sourcecode.swift; path = TransitFeedsTests.swift; sourceTree = "<group>"; };
		F0CD036625D8671B00BFE567 /* Info.plist */ = {isa = PBXFileReference; lastKnownFileType = text.plist.xml; path = Info.plist; sourceTree = "<group>"; };
		F0CD036B25D8671B00BFE567 /* TransitFeedsUITests.xctest */ = {isa = PBXFileReference; explicitFileType = wrapper.cfbundle; includeInIndex = 0; path = TransitFeedsUITests.xctest; sourceTree = BUILT_PRODUCTS_DIR; };
		F0CD036F25D8671B00BFE567 /* TransitFeedsUITests.swift */ = {isa = PBXFileReference; lastKnownFileType = sourcecode.swift; path = TransitFeedsUITests.swift; sourceTree = "<group>"; };
		F0CD037125D8671B00BFE567 /* Info.plist */ = {isa = PBXFileReference; lastKnownFileType = text.plist.xml; path = Info.plist; sourceTree = "<group>"; };
/* End PBXFileReference section */

/* Begin PBXFrameworksBuildPhase section */
		F0CD034725D8671900BFE567 /* Frameworks */ = {
			isa = PBXFrameworksBuildPhase;
			buildActionMask = 2147483647;
			files = (
			);
			runOnlyForDeploymentPostprocessing = 0;
		};
		F0CD035D25D8671B00BFE567 /* Frameworks */ = {
			isa = PBXFrameworksBuildPhase;
			buildActionMask = 2147483647;
			files = (
			);
			runOnlyForDeploymentPostprocessing = 0;
		};
		F0CD036825D8671B00BFE567 /* Frameworks */ = {
			isa = PBXFrameworksBuildPhase;
			buildActionMask = 2147483647;
			files = (
			);
			runOnlyForDeploymentPostprocessing = 0;
		};
/* End PBXFrameworksBuildPhase section */

/* Begin PBXGroup section */
		F0CD034125D8671900BFE567 = {
			isa = PBXGroup;
			children = (
				F0CD034C25D8671900BFE567 /* TransitFeeds */,
				F0CD036325D8671B00BFE567 /* TransitFeedsTests */,
				F0CD036E25D8671B00BFE567 /* TransitFeedsUITests */,
				F0CD034B25D8671900BFE567 /* Products */,
			);
			sourceTree = "<group>";
		};
		F0CD034B25D8671900BFE567 /* Products */ = {
			isa = PBXGroup;
			children = (
				F0CD034A25D8671900BFE567 /* TransitFeeds.app */,
				F0CD036025D8671B00BFE567 /* TransitFeedsTests.xctest */,
				F0CD036B25D8671B00BFE567 /* TransitFeedsUITests.xctest */,
			);
			name = Products;
			sourceTree = "<group>";
		};
		F0CD034C25D8671900BFE567 /* TransitFeeds */ = {
			isa = PBXGroup;
			children = (
				F0CD034D25D8671900BFE567 /* AppDelegate.swift */,
				F0CD034F25D8671900BFE567 /* SceneDelegate.swift */,
				F0CD035125D8671900BFE567 /* ViewController.swift */,
				F0CD035325D8671900BFE567 /* Main.storyboard */,
				F0CD035625D8671B00BFE567 /* Assets.xcassets */,
				F0CD035825D8671B00BFE567 /* LaunchScreen.storyboard */,
				F0CD035B25D8671B00BFE567 /* Info.plist */,
			);
			path = TransitFeeds;
			sourceTree = "<group>";
		};
		F0CD036325D8671B00BFE567 /* TransitFeedsTests */ = {
			isa = PBXGroup;
			children = (
				F0CD036425D8671B00BFE567 /* TransitFeedsTests.swift */,
				F0CD036625D8671B00BFE567 /* Info.plist */,
			);
			path = TransitFeedsTests;
			sourceTree = "<group>";
		};
		F0CD036E25D8671B00BFE567 /* TransitFeedsUITests */ = {
			isa = PBXGroup;
			children = (
				F0CD036F25D8671B00BFE567 /* TransitFeedsUITests.swift */,
				F0CD037125D8671B00BFE567 /* Info.plist */,
			);
			path = TransitFeedsUITests;
			sourceTree = "<group>";
		};
/* End PBXGroup section */

/* Begin PBXNativeTarget section */
		F0CD034925D8671900BFE567 /* TransitFeeds */ = {
			isa = PBXNativeTarget;
			buildConfigurationList = F0CD037425D8671B00BFE567 /* Build configuration list for PBXNativeTarget "TransitFeeds" */;
			buildPhases = (
				F0CD034625D8671900BFE567 /* Sources */,
				F0CD034725D8671900BFE567 /* Frameworks */,
				F0CD034825D8671900BFE567 /* Resources */,
			);
			buildRules = (
			);
			dependencies = (
			);
			name = TransitFeeds;
			productName = TransitFeeds;
			productReference = F0CD034A25D8671900BFE567 /* TransitFeeds.app */;
			productType = "com.apple.product-type.application";
		};
		F0CD035F25D8671B00BFE567 /* TransitFeedsTests */ = {
			isa = PBXNativeTarget;
			buildConfigurationList = F0CD037725D8671B00BFE567 /* Build configuration list for PBXNativeTarget "TransitFeedsTests" */;
			buildPhases = (
				F0CD035C25D8671B00BFE567 /* Sources */,
				F0CD035D25D8671B00BFE567 /* Frameworks */,
				F0CD035E25D8671B00BFE567 /* Resources */,
			);
			buildRules = (
			);
			dependencies = (
				F0CD036225D8671B00BFE567 /* PBXTargetDependency */,
			);
			name = TransitFeedsTests;
			productName = TransitFeedsTests;
			productReference = F0CD036025D8671B00BFE567 /* TransitFeedsTests.xctest */;
			productType = "com.apple.product-type.bundle.unit-test";
		};
		F0CD036A25D8671B00BFE567 /* TransitFeedsUITests */ = {
			isa = PBXNativeTarget;
			buildConfigurationList = F0CD037A25D8671B00BFE567 /* Build configuration list for PBXNativeTarget "TransitFeedsUITests" */;
			buildPhases = (
				F0CD036725D8671B00BFE567 /* Sources */,
				F0CD036825D8671B00BFE567 /* Frameworks */,
				F0CD036925D8671B00BFE567 /* Resources */,
			);
			buildRules = (
			);
			dependencies = (
				F0CD036D25D8671B00BFE567 /* PBXTargetDependency */,
			);
			name = TransitFeedsUITests;
			productName = TransitFeedsUITests;
			productReference = F0CD036B25D8671B00BFE567 /* TransitFeedsUITests.xctest */;
			productType = "com.apple.product-type.bundle.ui-testing";
		};
/* End PBXNativeTarget section */

/* Begin PBXProject section */
		F0CD034225D8671900BFE567 /* Project object */ = {
			isa = PBXProject;
			attributes = {
				LastSwiftUpdateCheck = 1240;
				LastUpgradeCheck = 1240;
				TargetAttributes = {
					F0CD034925D8671900BFE567 = {
						CreatedOnToolsVersion = 12.4;
					};
					F0CD035F25D8671B00BFE567 = {
						CreatedOnToolsVersion = 12.4;
						TestTargetID = F0CD034925D8671900BFE567;
					};
					F0CD036A25D8671B00BFE567 = {
						CreatedOnToolsVersion = 12.4;
						TestTargetID = F0CD034925D8671900BFE567;
					};
				};
			};
			buildConfigurationList = F0CD034525D8671900BFE567 /* Build configuration list for PBXProject "TransitFeeds" */;
			compatibilityVersion = "Xcode 9.3";
			developmentRegion = en;
			hasScannedForEncodings = 0;
			knownRegions = (
				en,
				Base,
			);
			mainGroup = F0CD034125D8671900BFE567;
			productRefGroup = F0CD034B25D8671900BFE567 /* Products */;
			projectDirPath = "";
			projectRoot = "";
			targets = (
				F0CD034925D8671900BFE567 /* TransitFeeds */,
				F0CD035F25D8671B00BFE567 /* TransitFeedsTests */,
				F0CD036A25D8671B00BFE567 /* TransitFeedsUITests */,
			);
		};
/* End PBXProject section */

/* Begin PBXResourcesBuildPhase section */
		F0CD034825D8671900BFE567 /* Resources */ = {
			isa = PBXResourcesBuildPhase;
			buildActionMask = 2147483647;
			files = (
				F0CD035A25D8671B00BFE567 /* LaunchScreen.storyboard in Resources */,
				F0CD035725D8671B00BFE567 /* Assets.xcassets in Resources */,
				F0CD035525D8671900BFE567 /* Main.storyboard in Resources */,
			);
			runOnlyForDeploymentPostprocessing = 0;
		};
		F0CD035E25D8671B00BFE567 /* Resources */ = {
			isa = PBXResourcesBuildPhase;
			buildActionMask = 2147483647;
			files = (
			);
			runOnlyForDeploymentPostprocessing = 0;
		};
		F0CD036925D8671B00BFE567 /* Resources */ = {
			isa = PBXResourcesBuildPhase;
			buildActionMask = 2147483647;
			files = (
			);
			runOnlyForDeploymentPostprocessing = 0;
		};
/* End PBXResourcesBuildPhase section */

/* Begin PBXSourcesBuildPhase section */
		F0CD034625D8671900BFE567 /* Sources */ = {
			isa = PBXSourcesBuildPhase;
			buildActionMask = 2147483647;
			files = (
				F0CD035225D8671900BFE567 /* ViewController.swift in Sources */,
				F0CD034E25D8671900BFE567 /* AppDelegate.swift in Sources */,
				F0CD035025D8671900BFE567 /* SceneDelegate.swift in Sources */,
			);
			runOnlyForDeploymentPostprocessing = 0;
		};
		F0CD035C25D8671B00BFE567 /* Sources */ = {
			isa = PBXSourcesBuildPhase;
			buildActionMask = 2147483647;
			files = (
				F0CD036525D8671B00BFE567 /* TransitFeedsTests.swift in Sources */,
			);
			runOnlyForDeploymentPostprocessing = 0;
		};
		F0CD036725D8671B00BFE567 /* Sources */ = {
			isa = PBXSourcesBuildPhase;
			buildActionMask = 2147483647;
			files = (
				F0CD037025D8671B00BFE567 /* TransitFeedsUITests.swift in Sources */,
			);
			runOnlyForDeploymentPostprocessing = 0;
		};
/* End PBXSourcesBuildPhase section */

/* Begin PBXTargetDependency section */
		F0CD036225D8671B00BFE567 /* PBXTargetDependency */ = {
			isa = PBXTargetDependency;
			target = F0CD034925D8671900BFE567 /* TransitFeeds */;
			targetProxy = F0CD036125D8671B00BFE567 /* PBXContainerItemProxy */;
		};
		F0CD036D25D8671B00BFE567 /* PBXTargetDependency */ = {
			isa = PBXTargetDependency;
			target = F0CD034925D8671900BFE567 /* TransitFeeds */;
			targetProxy = F0CD036C25D8671B00BFE567 /* PBXContainerItemProxy */;
		};
/* End PBXTargetDependency section */

/* Begin PBXVariantGroup section */
		F0CD035325D8671900BFE567 /* Main.storyboard */ = {
			isa = PBXVariantGroup;
			children = (
				F0CD035425D8671900BFE567 /* Base */,
			);
			name = Main.storyboard;
			sourceTree = "<group>";
		};
		F0CD035825D8671B00BFE567 /* LaunchScreen.storyboard */ = {
			isa = PBXVariantGroup;
			children = (
				F0CD035925D8671B00BFE567 /* Base */,
			);
			name = LaunchScreen.storyboard;
			sourceTree = "<group>";
		};
/* End PBXVariantGroup section */

/* Begin XCBuildConfiguration section */
		F0CD037225D8671B00BFE567 /* Debug */ = {
			isa = XCBuildConfiguration;
			buildSettings = {
				ALWAYS_SEARCH_USER_PATHS = NO;
				CLANG_ANALYZER_NONNULL = YES;
				CLANG_ANALYZER_NUMBER_OBJECT_CONVERSION = YES_AGGRESSIVE;
				CLANG_CXX_LANGUAGE_STANDARD = "gnu++14";
				CLANG_CXX_LIBRARY = "libc++";
				CLANG_ENABLE_MODULES = YES;
				CLANG_ENABLE_OBJC_ARC = YES;
				CLANG_ENABLE_OBJC_WEAK = YES;
				CLANG_WARN_BLOCK_CAPTURE_AUTORELEASING = YES;
				CLANG_WARN_BOOL_CONVERSION = YES;
				CLANG_WARN_COMMA = YES;
				CLANG_WARN_CONSTANT_CONVERSION = YES;
				CLANG_WARN_DEPRECATED_OBJC_IMPLEMENTATIONS = YES;
				CLANG_WARN_DIRECT_OBJC_ISA_USAGE = YES_ERROR;
				CLANG_WARN_DOCUMENTATION_COMMENTS = YES;
				CLANG_WARN_EMPTY_BODY = YES;
				CLANG_WARN_ENUM_CONVERSION = YES;
				CLANG_WARN_INFINITE_RECURSION = YES;
				CLANG_WARN_INT_CONVERSION = YES;
				CLANG_WARN_NON_LITERAL_NULL_CONVERSION = YES;
				CLANG_WARN_OBJC_IMPLICIT_RETAIN_SELF = YES;
				CLANG_WARN_OBJC_LITERAL_CONVERSION = YES;
				CLANG_WARN_OBJC_ROOT_CLASS = YES_ERROR;
				CLANG_WARN_QUOTED_INCLUDE_IN_FRAMEWORK_HEADER = YES;
				CLANG_WARN_RANGE_LOOP_ANALYSIS = YES;
				CLANG_WARN_STRICT_PROTOTYPES = YES;
				CLANG_WARN_SUSPICIOUS_MOVE = YES;
				CLANG_WARN_UNGUARDED_AVAILABILITY = YES_AGGRESSIVE;
				CLANG_WARN_UNREACHABLE_CODE = YES;
				CLANG_WARN__DUPLICATE_METHOD_MATCH = YES;
				COPY_PHASE_STRIP = NO;
				DEBUG_INFORMATION_FORMAT = dwarf;
				ENABLE_STRICT_OBJC_MSGSEND = YES;
				ENABLE_TESTABILITY = YES;
				GCC_C_LANGUAGE_STANDARD = gnu11;
				GCC_DYNAMIC_NO_PIC = NO;
				GCC_NO_COMMON_BLOCKS = YES;
				GCC_OPTIMIZATION_LEVEL = 0;
				GCC_PREPROCESSOR_DEFINITIONS = (
					"DEBUG=1",
					"$(inherited)",
				);
				GCC_WARN_64_TO_32_BIT_CONVERSION = YES;
				GCC_WARN_ABOUT_RETURN_TYPE = YES_ERROR;
				GCC_WARN_UNDECLARED_SELECTOR = YES;
				GCC_WARN_UNINITIALIZED_AUTOS = YES_AGGRESSIVE;
				GCC_WARN_UNUSED_FUNCTION = YES;
				GCC_WARN_UNUSED_VARIABLE = YES;
				IPHONEOS_DEPLOYMENT_TARGET = 14.4;
				MTL_ENABLE_DEBUG_INFO = INCLUDE_SOURCE;
				MTL_FAST_MATH = YES;
				ONLY_ACTIVE_ARCH = YES;
				SDKROOT = iphoneos;
				SWIFT_ACTIVE_COMPILATION_CONDITIONS = DEBUG;
				SWIFT_OPTIMIZATION_LEVEL = "-Onone";
			};
			name = Debug;
		};
		F0CD037325D8671B00BFE567 /* Release */ = {
			isa = XCBuildConfiguration;
			buildSettings = {
				ALWAYS_SEARCH_USER_PATHS = NO;
				CLANG_ANALYZER_NONNULL = YES;
				CLANG_ANALYZER_NUMBER_OBJECT_CONVERSION = YES_AGGRESSIVE;
				CLANG_CXX_LANGUAGE_STANDARD = "gnu++14";
				CLANG_CXX_LIBRARY = "libc++";
				CLANG_ENABLE_MODULES = YES;
				CLANG_ENABLE_OBJC_ARC = YES;
				CLANG_ENABLE_OBJC_WEAK = YES;
				CLANG_WARN_BLOCK_CAPTURE_AUTORELEASING = YES;
				CLANG_WARN_BOOL_CONVERSION = YES;
				CLANG_WARN_COMMA = YES;
				CLANG_WARN_CONSTANT_CONVERSION = YES;
				CLANG_WARN_DEPRECATED_OBJC_IMPLEMENTATIONS = YES;
				CLANG_WARN_DIRECT_OBJC_ISA_USAGE = YES_ERROR;
				CLANG_WARN_DOCUMENTATION_COMMENTS = YES;
				CLANG_WARN_EMPTY_BODY = YES;
				CLANG_WARN_ENUM_CONVERSION = YES;
				CLANG_WARN_INFINITE_RECURSION = YES;
				CLANG_WARN_INT_CONVERSION = YES;
				CLANG_WARN_NON_LITERAL_NULL_CONVERSION = YES;
				CLANG_WARN_OBJC_IMPLICIT_RETAIN_SELF = YES;
				CLANG_WARN_OBJC_LITERAL_CONVERSION = YES;
				CLANG_WARN_OBJC_ROOT_CLASS = YES_ERROR;
				CLANG_WARN_QUOTED_INCLUDE_IN_FRAMEWORK_HEADER = YES;
				CLANG_WARN_RANGE_LOOP_ANALYSIS = YES;
				CLANG_WARN_STRICT_PROTOTYPES = YES;
				CLANG_WARN_SUSPICIOUS_MOVE = YES;
				CLANG_WARN_UNGUARDED_AVAILABILITY = YES_AGGRESSIVE;
				CLANG_WARN_UNREACHABLE_CODE = YES;
				CLANG_WARN__DUPLICATE_METHOD_MATCH = YES;
				COPY_PHASE_STRIP = NO;
				DEBUG_INFORMATION_FORMAT = "dwarf-with-dsym";
				ENABLE_NS_ASSERTIONS = NO;
				ENABLE_STRICT_OBJC_MSGSEND = YES;
				GCC_C_LANGUAGE_STANDARD = gnu11;
				GCC_NO_COMMON_BLOCKS = YES;
				GCC_WARN_64_TO_32_BIT_CONVERSION = YES;
				GCC_WARN_ABOUT_RETURN_TYPE = YES_ERROR;
				GCC_WARN_UNDECLARED_SELECTOR = YES;
				GCC_WARN_UNINITIALIZED_AUTOS = YES_AGGRESSIVE;
				GCC_WARN_UNUSED_FUNCTION = YES;
				GCC_WARN_UNUSED_VARIABLE = YES;
				IPHONEOS_DEPLOYMENT_TARGET = 14.4;
				MTL_ENABLE_DEBUG_INFO = NO;
				MTL_FAST_MATH = YES;
				SDKROOT = iphoneos;
				SWIFT_COMPILATION_MODE = wholemodule;
				SWIFT_OPTIMIZATION_LEVEL = "-O";
				VALIDATE_PRODUCT = YES;
			};
			name = Release;
		};
		F0CD037525D8671B00BFE567 /* Debug */ = {
			isa = XCBuildConfiguration;
			buildSettings = {
				ASSETCATALOG_COMPILER_APPICON_NAME = AppIcon;
				ASSETCATALOG_COMPILER_GLOBAL_ACCENT_COLOR_NAME = AccentColor;
				CODE_SIGN_STYLE = Automatic;
				DEVELOPMENT_TEAM = R7LAAHL6K5;
				INFOPLIST_FILE = TransitFeeds/Info.plist;
				LD_RUNPATH_SEARCH_PATHS = (
					"$(inherited)",
					"@executable_path/Frameworks",
				);
				PRODUCT_BUNDLE_IDENTIFIER = io.alexlucas.TransitFeeds;
				PRODUCT_NAME = "$(TARGET_NAME)";
				SWIFT_VERSION = 5.0;
				TARGETED_DEVICE_FAMILY = "1,2";
			};
			name = Debug;
		};
		F0CD037625D8671B00BFE567 /* Release */ = {
			isa = XCBuildConfiguration;
			buildSettings = {
				ASSETCATALOG_COMPILER_APPICON_NAME = AppIcon;
				ASSETCATALOG_COMPILER_GLOBAL_ACCENT_COLOR_NAME = AccentColor;
				CODE_SIGN_STYLE = Automatic;
				DEVELOPMENT_TEAM = R7LAAHL6K5;
				INFOPLIST_FILE = TransitFeeds/Info.plist;
				LD_RUNPATH_SEARCH_PATHS = (
					"$(inherited)",
					"@executable_path/Frameworks",
				);
				PRODUCT_BUNDLE_IDENTIFIER = io.alexlucas.TransitFeeds;
				PRODUCT_NAME = "$(TARGET_NAME)";
				SWIFT_VERSION = 5.0;
				TARGETED_DEVICE_FAMILY = "1,2";
			};
			name = Release;
		};
		F0CD037825D8671B00BFE567 /* Debug */ = {
			isa = XCBuildConfiguration;
			buildSettings = {
				ALWAYS_EMBED_SWIFT_STANDARD_LIBRARIES = YES;
				BUNDLE_LOADER = "$(TEST_HOST)";
				CODE_SIGN_STYLE = Automatic;
				DEVELOPMENT_TEAM = R7LAAHL6K5;
				INFOPLIST_FILE = TransitFeedsTests/Info.plist;
				IPHONEOS_DEPLOYMENT_TARGET = 14.4;
				LD_RUNPATH_SEARCH_PATHS = (
					"$(inherited)",
					"@executable_path/Frameworks",
					"@loader_path/Frameworks",
				);
				PRODUCT_BUNDLE_IDENTIFIER = io.alexlucas.TransitFeedsTests;
				PRODUCT_NAME = "$(TARGET_NAME)";
				SWIFT_VERSION = 5.0;
				TARGETED_DEVICE_FAMILY = "1,2";
				TEST_HOST = "$(BUILT_PRODUCTS_DIR)/TransitFeeds.app/TransitFeeds";
			};
			name = Debug;
		};
		F0CD037925D8671B00BFE567 /* Release */ = {
			isa = XCBuildConfiguration;
			buildSettings = {
				ALWAYS_EMBED_SWIFT_STANDARD_LIBRARIES = YES;
				BUNDLE_LOADER = "$(TEST_HOST)";
				CODE_SIGN_STYLE = Automatic;
				DEVELOPMENT_TEAM = R7LAAHL6K5;
				INFOPLIST_FILE = TransitFeedsTests/Info.plist;
				IPHONEOS_DEPLOYMENT_TARGET = 14.4;
				LD_RUNPATH_SEARCH_PATHS = (
					"$(inherited)",
					"@executable_path/Frameworks",
					"@loader_path/Frameworks",
				);
				PRODUCT_BUNDLE_IDENTIFIER = io.alexlucas.TransitFeedsTests;
				PRODUCT_NAME = "$(TARGET_NAME)";
				SWIFT_VERSION = 5.0;
				TARGETED_DEVICE_FAMILY = "1,2";
				TEST_HOST = "$(BUILT_PRODUCTS_DIR)/TransitFeeds.app/TransitFeeds";
			};
			name = Release;
		};
		F0CD037B25D8671B00BFE567 /* Debug */ = {
			isa = XCBuildConfiguration;
			buildSettings = {
				ALWAYS_EMBED_SWIFT_STANDARD_LIBRARIES = YES;
				CODE_SIGN_STYLE = Automatic;
				DEVELOPMENT_TEAM = R7LAAHL6K5;
				INFOPLIST_FILE = TransitFeedsUITests/Info.plist;
				LD_RUNPATH_SEARCH_PATHS = (
					"$(inherited)",
					"@executable_path/Frameworks",
					"@loader_path/Frameworks",
				);
				PRODUCT_BUNDLE_IDENTIFIER = io.alexlucas.TransitFeedsUITests;
				PRODUCT_NAME = "$(TARGET_NAME)";
				SWIFT_VERSION = 5.0;
				TARGETED_DEVICE_FAMILY = "1,2";
				TEST_TARGET_NAME = TransitFeeds;
			};
			name = Debug;
		};
		F0CD037C25D8671B00BFE567 /* Release */ = {
			isa = XCBuildConfiguration;
			buildSettings = {
				ALWAYS_EMBED_SWIFT_STANDARD_LIBRARIES = YES;
				CODE_SIGN_STYLE = Automatic;
				DEVELOPMENT_TEAM = R7LAAHL6K5;
				INFOPLIST_FILE = TransitFeedsUITests/Info.plist;
				LD_RUNPATH_SEARCH_PATHS = (
					"$(inherited)",
					"@executable_path/Frameworks",
					"@loader_path/Frameworks",
				);
				PRODUCT_BUNDLE_IDENTIFIER = io.alexlucas.TransitFeedsUITests;
				PRODUCT_NAME = "$(TARGET_NAME)";
				SWIFT_VERSION = 5.0;
				TARGETED_DEVICE_FAMILY = "1,2";
				TEST_TARGET_NAME = TransitFeeds;
			};
			name = Release;
		};
/* End XCBuildConfiguration section */

/* Begin XCConfigurationList section */
		F0CD034525D8671900BFE567 /* Build configuration list for PBXProject "TransitFeeds" */ = {
			isa = XCConfigurationList;
			buildConfigurations = (
				F0CD037225D8671B00BFE567 /* Debug */,
				F0CD037325D8671B00BFE567 /* Release */,
			);
			defaultConfigurationIsVisible = 0;
			defaultConfigurationName = Release;
		};
		F0CD037425D8671B00BFE567 /* Build configuration list for PBXNativeTarget "TransitFeeds" */ = {
			isa = XCConfigurationList;
			buildConfigurations = (
				F0CD037525D8671B00BFE567 /* Debug */,
				F0CD037625D8671B00BFE567 /* Release */,
			);
			defaultConfigurationIsVisible = 0;
			defaultConfigurationName = Release;
		};
		F0CD037725D8671B00BFE567 /* Build configuration list for PBXNativeTarget "TransitFeedsTests" */ = {
			isa = XCConfigurationList;
			buildConfigurations = (
				F0CD037825D8671B00BFE567 /* Debug */,
				F0CD037925D8671B00BFE567 /* Release */,
			);
			defaultConfigurationIsVisible = 0;
			defaultConfigurationName = Release;
		};
		F0CD037A25D8671B00BFE567 /* Build configuration list for PBXNativeTarget "TransitFeedsUITests" */ = {
			isa = XCConfigurationList;
			buildConfigurations = (
				F0CD037B25D8671B00BFE567 /* Debug */,
				F0CD037C25D8671B00BFE567 /* Release */,
			);
			defaultConfigurationIsVisible = 0;
			defaultConfigurationName = Release;
		};
/* End XCConfigurationList section */
	};
	rootObject = F0CD034225D8671900BFE567 /* Project object */;
}
